
Microsoft Visual Studio Solution File, Format Version 12.00
# Visual Studio Version 17
VisualStudioVersion = 17.0.31606.5
MinimumVisualStudioVersion = 10.0.40219.1
Project("{FAE04EC0-301F-11D3-BF4B-00C04F79EFBC}") = "MathTools", "MathTools\MathTools.csproj", "{C06604AC-FCE1-48A5-A6DB-592AE1ECCCEA}"
EndProject
Global
	GlobalSection(SolutionConfigurationPlatforms) = preSolution
		Debug|Any CPU = Debug|Any CPU
		Release|Any CPU = Release|Any CPU
	EndGlobalSection
	GlobalSection(ProjectConfigurationPlatforms) = postSolution
		{C06604AC-FCE1-48A5-A6DB-592AE1ECCCEA}.Debug|Any CPU.ActiveCfg = Debug|Any CPU
		{C06604AC-FCE1-48A5-A6DB-592AE1ECCCEA}.Debug|Any CPU.Build.0 = Debug|Any CPU
		{C06604AC-FCE1-48A5-A6DB-592AE1ECCCEA}.Release|Any CPU.ActiveCfg = Release|Any CPU
		{C06604AC-FCE1-48A5-A6DB-592AE1ECCCEA}.Release|Any CPU.Build.0 = Release|Any CPU
	EndGlobalSection
	GlobalSection(SolutionProperties) = preSolution
		HideSolutionNode = FALSE
	EndGlobalSection
	GlobalSection(ExtensibilityGlobals) = postSolution
		SolutionGuid = {CD1892EE-D45A-43FD-95F2-482585CD2A1A}
	EndGlobalSection
EndGlobal
